<Solution>
  <Folder Name="/Documentations/">
    <File Path="Documentations/Assignment_Instructions.txt" />
    <File Path="Documentations/Taskss.txt" />
  </Folder>
  <Project Path="MessagingApp.Api/MessagingApp.Api.csproj" />
  <Project Path="MessagingApp.Business/MessagingApp.Business.csproj" />
  <Project Path="MessagingApp.Client/MessagingApp.Client.csproj" />
  <Project Path="MessagingApp.Core/MessagingApp.Core.csproj" />
  <Project Path="MessagingApp.DataAccess/MessagingApp.DataAccess.csproj" />
  <Project Path="MessagingApp.Entities/MessagingApp.Entities.csproj" />
</Solution>
